
Microsoft Visual Studio Solution File, Format Version 12.00
# Visual Studio 15
VisualStudioVersion = 15.0.26124.0
MinimumVisualStudioVersion = 15.0.26124.0
Project("{FAE04EC0-301F-11D3-BF4B-00C04F79EFBC}") = "Dta.Marketplace.Api.Web", "web\Dta.Marketplace.Api.Web.csproj", "{DBCDB27A-69CE-46E4-8969-49194AE5CF9C}"
EndProject
Project("{FAE04EC0-301F-11D3-BF4B-00C04F79EFBC}") = "Dta.Marketplace.Api.Web.Tests", "web.tests\Dta.Marketplace.Api.Web.Tests.csproj", "{2A4F0627-EEC3-4929-A262-04C8C39EBE6A}"
EndProject
Global
	GlobalSection(SolutionConfigurationPlatforms) = preSolution
		Debug|Any CPU = Debug|Any CPU
		Debug|x64 = Debug|x64
		Debug|x86 = Debug|x86
		Release|Any CPU = Release|Any CPU
		Release|x64 = Release|x64
		Release|x86 = Release|x86
	EndGlobalSection
	GlobalSection(SolutionProperties) = preSolution
		HideSolutionNode = FALSE
	EndGlobalSection
	GlobalSection(ProjectConfigurationPlatforms) = postSolution
		{DBCDB27A-69CE-46E4-8969-49194AE5CF9C}.Debug|Any CPU.ActiveCfg = Debug|Any CPU
		{DBCDB27A-69CE-46E4-8969-49194AE5CF9C}.Debug|Any CPU.Build.0 = Debug|Any CPU
		{DBCDB27A-69CE-46E4-8969-49194AE5CF9C}.Debug|x64.ActiveCfg = Debug|Any CPU
		{DBCDB27A-69CE-46E4-8969-49194AE5CF9C}.Debug|x64.Build.0 = Debug|Any CPU
		{DBCDB27A-69CE-46E4-8969-49194AE5CF9C}.Debug|x86.ActiveCfg = Debug|Any CPU
		{DBCDB27A-69CE-46E4-8969-49194AE5CF9C}.Debug|x86.Build.0 = Debug|Any CPU
		{DBCDB27A-69CE-46E4-8969-49194AE5CF9C}.Release|Any CPU.ActiveCfg = Release|Any CPU
		{DBCDB27A-69CE-46E4-8969-49194AE5CF9C}.Release|Any CPU.Build.0 = Release|Any CPU
		{DBCDB27A-69CE-46E4-8969-49194AE5CF9C}.Release|x64.ActiveCfg = Release|Any CPU
		{DBCDB27A-69CE-46E4-8969-49194AE5CF9C}.Release|x64.Build.0 = Release|Any CPU
		{DBCDB27A-69CE-46E4-8969-49194AE5CF9C}.Release|x86.ActiveCfg = Release|Any CPU
		{DBCDB27A-69CE-46E4-8969-49194AE5CF9C}.Release|x86.Build.0 = Release|Any CPU
		{2A4F0627-EEC3-4929-A262-04C8C39EBE6A}.Debug|Any CPU.ActiveCfg = Debug|Any CPU
		{2A4F0627-EEC3-4929-A262-04C8C39EBE6A}.Debug|Any CPU.Build.0 = Debug|Any CPU
		{2A4F0627-EEC3-4929-A262-04C8C39EBE6A}.Debug|x64.ActiveCfg = Debug|Any CPU
		{2A4F0627-EEC3-4929-A262-04C8C39EBE6A}.Debug|x64.Build.0 = Debug|Any CPU
		{2A4F0627-EEC3-4929-A262-04C8C39EBE6A}.Debug|x86.ActiveCfg = Debug|Any CPU
		{2A4F0627-EEC3-4929-A262-04C8C39EBE6A}.Debug|x86.Build.0 = Debug|Any CPU
		{2A4F0627-EEC3-4929-A262-04C8C39EBE6A}.Release|Any CPU.ActiveCfg = Release|Any CPU
		{2A4F0627-EEC3-4929-A262-04C8C39EBE6A}.Release|Any CPU.Build.0 = Release|Any CPU
		{2A4F0627-EEC3-4929-A262-04C8C39EBE6A}.Release|x64.ActiveCfg = Release|Any CPU
		{2A4F0627-EEC3-4929-A262-04C8C39EBE6A}.Release|x64.Build.0 = Release|Any CPU
		{2A4F0627-EEC3-4929-A262-04C8C39EBE6A}.Release|x86.ActiveCfg = Release|Any CPU
		{2A4F0627-EEC3-4929-A262-04C8C39EBE6A}.Release|x86.Build.0 = Release|Any CPU
	EndGlobalSection
EndGlobal
